
Microsoft Visual Studio Solution File, Format Version 12.00
# Visual Studio Version 17
VisualStudioVersion = 17.1.32328.378
MinimumVisualStudioVersion = 10.0.40219.1
Project("{FAE04EC0-301F-11D3-BF4B-00C04F79EFBC}") = "App2.Android", "App2.Android\App2.Android.csproj", "{402F62A2-AB47-49B8-85C3-3C053C77DC90}"
EndProject
Project("{FAE04EC0-301F-11D3-BF4B-00C04F79EFBC}") = "App2.iOS", "App2.iOS\App2.iOS.csproj", "{A5109A41-AFAE-468F-B0D2-F48D2823A87A}"
EndProject
Project("{FAE04EC0-301F-11D3-BF4B-00C04F79EFBC}") = "App2", "App2\App2.csproj", "{DA84FA82-C431-4EE7-944F-88C626953A55}"
EndProject
Global
	GlobalSection(SolutionConfigurationPlatforms) = preSolution
		Debug|Any CPU = Debug|Any CPU
		Debug|iPhone = Debug|iPhone
		Debug|iPhoneSimulator = Debug|iPhoneSimulator
		Release|Any CPU = Release|Any CPU
		Release|iPhone = Release|iPhone
		Release|iPhoneSimulator = Release|iPhoneSimulator
	EndGlobalSection
	GlobalSection(ProjectConfigurationPlatforms) = postSolution
		{402F62A2-AB47-49B8-85C3-3C053C77DC90}.Debug|Any CPU.ActiveCfg = Debug|Any CPU
		{402F62A2-AB47-49B8-85C3-3C053C77DC90}.Debug|Any CPU.Build.0 = Debug|Any CPU
		{402F62A2-AB47-49B8-85C3-3C053C77DC90}.Debug|Any CPU.Deploy.0 = Debug|Any CPU
		{402F62A2-AB47-49B8-85C3-3C053C77DC90}.Debug|iPhone.ActiveCfg = Debug|Any CPU
		{402F62A2-AB47-49B8-85C3-3C053C77DC90}.Debug|iPhone.Build.0 = Debug|Any CPU
		{402F62A2-AB47-49B8-85C3-3C053C77DC90}.Debug|iPhone.Deploy.0 = Debug|Any CPU
		{402F62A2-AB47-49B8-85C3-3C053C77DC90}.Debug|iPhoneSimulator.ActiveCfg = Debug|Any CPU
		{402F62A2-AB47-49B8-85C3-3C053C77DC90}.Debug|iPhoneSimulator.Build.0 = Debug|Any CPU
		{402F62A2-AB47-49B8-85C3-3C053C77DC90}.Debug|iPhoneSimulator.Deploy.0 = Debug|Any CPU
		{402F62A2-AB47-49B8-85C3-3C053C77DC90}.Release|Any CPU.ActiveCfg = Release|Any CPU
		{402F62A2-AB47-49B8-85C3-3C053C77DC90}.Release|Any CPU.Build.0 = Release|Any CPU
		{402F62A2-AB47-49B8-85C3-3C053C77DC90}.Release|Any CPU.Deploy.0 = Release|Any CPU
		{402F62A2-AB47-49B8-85C3-3C053C77DC90}.Release|iPhone.ActiveCfg = Release|Any CPU
		{402F62A2-AB47-49B8-85C3-3C053C77DC90}.Release|iPhone.Build.0 = Release|Any CPU
		{402F62A2-AB47-49B8-85C3-3C053C77DC90}.Release|iPhone.Deploy.0 = Release|Any CPU
		{402F62A2-AB47-49B8-85C3-3C053C77DC90}.Release|iPhoneSimulator.ActiveCfg = Release|Any CPU
		{402F62A2-AB47-49B8-85C3-3C053C77DC90}.Release|iPhoneSimulator.Build.0 = Release|Any CPU
		{402F62A2-AB47-49B8-85C3-3C053C77DC90}.Release|iPhoneSimulator.Deploy.0 = Release|Any CPU
		{A5109A41-AFAE-468F-B0D2-F48D2823A87A}.Debug|Any CPU.ActiveCfg = Debug|iPhone
		{A5109A41-AFAE-468F-B0D2-F48D2823A87A}.Debug|Any CPU.Build.0 = Debug|iPhone
		{A5109A41-AFAE-468F-B0D2-F48D2823A87A}.Debug|Any CPU.Deploy.0 = Debug|iPhone
		{A5109A41-AFAE-468F-B0D2-F48D2823A87A}.Debug|iPhone.ActiveCfg = Debug|iPhone
		{A5109A41-AFAE-468F-B0D2-F48D2823A87A}.Debug|iPhone.Build.0 = Debug|iPhone
		{A5109A41-AFAE-468F-B0D2-F48D2823A87A}.Debug|iPhone.Deploy.0 = Debug|iPhone
		{A5109A41-AFAE-468F-B0D2-F48D2823A87A}.Debug|iPhoneSimulator.ActiveCfg = Debug|iPhoneSimulator
		{A5109A41-AFAE-468F-B0D2-F48D2823A87A}.Debug|iPhoneSimulator.Build.0 = Debug|iPhoneSimulator
		{A5109A41-AFAE-468F-B0D2-F48D2823A87A}.Debug|iPhoneSimulator.Deploy.0 = Debug|iPhoneSimulator
		{A5109A41-AFAE-468F-B0D2-F48D2823A87A}.Release|Any CPU.ActiveCfg = Release|iPhoneSimulator
		{A5109A41-AFAE-468F-B0D2-F48D2823A87A}.Release|Any CPU.Build.0 = Release|iPhoneSimulator
		{A5109A41-AFAE-468F-B0D2-F48D2823A87A}.Release|Any CPU.Deploy.0 = Release|iPhoneSimulator
		{A5109A41-AFAE-468F-B0D2-F48D2823A87A}.Release|iPhone.ActiveCfg = Release|iPhone
		{A5109A41-AFAE-468F-B0D2-F48D2823A87A}.Release|iPhone.Build.0 = Release|iPhone
		{A5109A41-AFAE-468F-B0D2-F48D2823A87A}.Release|iPhone.Deploy.0 = Release|iPhone
		{A5109A41-AFAE-468F-B0D2-F48D2823A87A}.Release|iPhoneSimulator.ActiveCfg = Release|iPhoneSimulator
		{A5109A41-AFAE-468F-B0D2-F48D2823A87A}.Release|iPhoneSimulator.Build.0 = Release|iPhoneSimulator
		{A5109A41-AFAE-468F-B0D2-F48D2823A87A}.Release|iPhoneSimulator.Deploy.0 = Release|iPhoneSimulator
		{DA84FA82-C431-4EE7-944F-88C626953A55}.Debug|Any CPU.ActiveCfg = Debug|Any CPU
		{DA84FA82-C431-4EE7-944F-88C626953A55}.Debug|Any CPU.Build.0 = Debug|Any CPU
		{DA84FA82-C431-4EE7-944F-88C626953A55}.Debug|Any CPU.Deploy.0 = Debug|Any CPU
		{DA84FA82-C431-4EE7-944F-88C626953A55}.Debug|iPhone.ActiveCfg = Debug|Any CPU
		{DA84FA82-C431-4EE7-944F-88C626953A55}.Debug|iPhone.Build.0 = Debug|Any CPU
		{DA84FA82-C431-4EE7-944F-88C626953A55}.Debug|iPhone.Deploy.0 = Debug|Any CPU
		{DA84FA82-C431-4EE7-944F-88C626953A55}.Debug|iPhoneSimulator.ActiveCfg = Debug|Any CPU
		{DA84FA82-C431-4EE7-944F-88C626953A55}.Debug|iPhoneSimulator.Build.0 = Debug|Any CPU
		{DA84FA82-C431-4EE7-944F-88C626953A55}.Debug|iPhoneSimulator.Deploy.0 = Debug|Any CPU
		{DA84FA82-C431-4EE7-944F-88C626953A55}.Release|Any CPU.ActiveCfg = Release|Any CPU
		{DA84FA82-C431-4EE7-944F-88C626953A55}.Release|Any CPU.Build.0 = Release|Any CPU
		{DA84FA82-C431-4EE7-944F-88C626953A55}.Release|Any CPU.Deploy.0 = Release|Any CPU
		{DA84FA82-C431-4EE7-944F-88C626953A55}.Release|iPhone.ActiveCfg = Release|Any CPU
		{DA84FA82-C431-4EE7-944F-88C626953A55}.Release|iPhone.Build.0 = Release|Any CPU
		{DA84FA82-C431-4EE7-944F-88C626953A55}.Release|iPhone.Deploy.0 = Release|Any CPU
		{DA84FA82-C431-4EE7-944F-88C626953A55}.Release|iPhoneSimulator.ActiveCfg = Release|Any CPU
		{DA84FA82-C431-4EE7-944F-88C626953A55}.Release|iPhoneSimulator.Build.0 = Release|Any CPU
		{DA84FA82-C431-4EE7-944F-88C626953A55}.Release|iPhoneSimulator.Deploy.0 = Release|Any CPU
	EndGlobalSection
	GlobalSection(SolutionProperties) = preSolution
		HideSolutionNode = FALSE
	EndGlobalSection
	GlobalSection(ExtensibilityGlobals) = postSolution
		SolutionGuid = {D1E1B4C4-E448-4517-A359-2F19A4752D71}
	EndGlobalSection
EndGlobal
